// !$*UTF8*$!
{
	archiveVersion = 1;
	classes = {
	};
	objectVersion = 50;
	objects = {

/* Begin PBXBuildFile section */
		358A98C42615EA67001D31BD /* Result.swift in Sources */ = {isa = PBXBuildFile; fileRef = 358A98C32615EA66001D31BD /* Result.swift */; };
		358A98C92615EA73001D31BD /* Results.swift in Sources */ = {isa = PBXBuildFile; fileRef = 358A98C82615EA72001D31BD /* Results.swift */; };
		358A98CE2615EEC3001D31BD /* toResultButton.swift in Sources */ = {isa = PBXBuildFile; fileRef = 358A98CD2615EEC1001D31BD /* toResultButton.swift */; };
		358A98D32615EF12001D31BD /* BackResultButton.swift in Sources */ = {isa = PBXBuildFile; fileRef = 358A98D22615EF11001D31BD /* BackResultButton.swift */; };
		358A98D82615EF8E001D31BD /* ResultGameData.swift in Sources */ = {isa = PBXBuildFile; fileRef = 358A98D72615EF8E001D31BD /* ResultGameData.swift */; };
		E5030745260F610F00061C47 /* Score.swift in Sources */ = {isa = PBXBuildFile; fileRef = E5030744260F610F00061C47 /* Score.swift */; };
		E503074A260F6C6300061C47 /* parentDrawScores.json in Resources */ = {isa = PBXBuildFile; fileRef = E5030749260F6C6300061C47 /* parentDrawScores.json */; };
		E503074F260F6CA800061C47 /* parentRonScores.json in Resources */ = {isa = PBXBuildFile; fileRef = E503074E260F6CA800061C47 /* parentRonScores.json */; };
		E5030757260F70BA00061C47 /* childRonScores.json in Resources */ = {isa = PBXBuildFile; fileRef = E5030756260F70BA00061C47 /* childRonScores.json */; };
		E503075C260F72B000061C47 /* childDrawScores.json in Resources */ = {isa = PBXBuildFile; fileRef = E503075B260F72B000061C47 /* childDrawScores.json */; };
		E5065A72260D0FBF00A3AB65 /* Wind.swift in Sources */ = {isa = PBXBuildFile; fileRef = E5065A71260D0FBF00A3AB65 /* Wind.swift */; };
		E5065A77260D2F5B00A3AB65 /* Winning.swift in Sources */ = {isa = PBXBuildFile; fileRef = E5065A76260D2F5B00A3AB65 /* Winning.swift */; };
		E50ED8E3260F74F600E58E19 /* ChildDrawScore.swift in Sources */ = {isa = PBXBuildFile; fileRef = E50ED8E2260F74F600E58E19 /* ChildDrawScore.swift */; };
		E527FB6F260A848B0073173A /* DrawnGame.swift in Sources */ = {isa = PBXBuildFile; fileRef = E527FB6E260A848B0073173A /* DrawnGame.swift */; };
		E569DAA02609E09C00441533 /* MajanScoreManagerApp.swift in Sources */ = {isa = PBXBuildFile; fileRef = E569DA9F2609E09C00441533 /* MajanScoreManagerApp.swift */; };
		E569DAA22609E09C00441533 /* ContentView.swift in Sources */ = {isa = PBXBuildFile; fileRef = E569DAA12609E09C00441533 /* ContentView.swift */; };
		E569DAA42609E09D00441533 /* Assets.xcassets in Resources */ = {isa = PBXBuildFile; fileRef = E569DAA32609E09D00441533 /* Assets.xcassets */; };
		E569DAA72609E09D00441533 /* Preview Assets.xcassets in Resources */ = {isa = PBXBuildFile; fileRef = E569DAA62609E09D00441533 /* Preview Assets.xcassets */; };
		E569DAB22609E09D00441533 /* MajanScoreManagerTests.swift in Sources */ = {isa = PBXBuildFile; fileRef = E569DAB12609E09D00441533 /* MajanScoreManagerTests.swift */; };
		E569DABD2609E09D00441533 /* MajanScoreManagerUITests.swift in Sources */ = {isa = PBXBuildFile; fileRef = E569DABC2609E09D00441533 /* MajanScoreManagerUITests.swift */; };
		E569DAD32609E87800441533 /* GameData.swift in Sources */ = {isa = PBXBuildFile; fileRef = E569DAD22609E87800441533 /* GameData.swift */; };
		E569DAD82609E90B00441533 /* ModelData.swift in Sources */ = {isa = PBXBuildFile; fileRef = E569DAD72609E90B00441533 /* ModelData.swift */; };
		E569DAE82609ECA200441533 /* PlayerScore.swift in Sources */ = {isa = PBXBuildFile; fileRef = E569DAE72609ECA200441533 /* PlayerScore.swift */; };
		E56DFF30260A2E22000312B5 /* StartGame.swift in Sources */ = {isa = PBXBuildFile; fileRef = E56DFF2F260A2E22000312B5 /* StartGame.swift */; };
		E56DFF35260A2FD7000312B5 /* Game.swift in Sources */ = {isa = PBXBuildFile; fileRef = E56DFF34260A2FD7000312B5 /* Game.swift */; };
		E58E1E062615EB4F00074934 /* EndRoundButton.swift in Sources */ = {isa = PBXBuildFile; fileRef = E58E1E052615EB4F00074934 /* EndRoundButton.swift */; };
		E58E1E0B2615EBE800074934 /* EndGameButton.swift in Sources */ = {isa = PBXBuildFile; fileRef = E58E1E0A2615EBE800074934 /* EndGameButton.swift */; };
		E598A53F2609F92A0046F434 /* RiichiBar.swift in Sources */ = {isa = PBXBuildFile; fileRef = E598A53E2609F92A0046F434 /* RiichiBar.swift */; };
		E59994FD26110F6A00125B75 /* Win.swift in Sources */ = {isa = PBXBuildFile; fileRef = E59994FC26110F6A00125B75 /* Win.swift */; };
		E5B854522613984500D83579 /* ShipporiMincho-Bold.ttf in Resources */ = {isa = PBXBuildFile; fileRef = E5B854512613984500D83579 /* ShipporiMincho-Bold.ttf */; };
		E5B85458261398BF00D83579 /* ShipporiMincho-ExtraBold.ttf in Resources */ = {isa = PBXBuildFile; fileRef = E5B85457261398BF00D83579 /* ShipporiMincho-ExtraBold.ttf */; };
		E5B8545D261398C800D83579 /* ShipporiMincho-Medium.ttf in Resources */ = {isa = PBXBuildFile; fileRef = E5B8545C261398C800D83579 /* ShipporiMincho-Medium.ttf */; };
		E5B85463261398DE00D83579 /* ShipporiMincho-SemiBold.ttf in Resources */ = {isa = PBXBuildFile; fileRef = E5B85461261398DE00D83579 /* ShipporiMincho-SemiBold.ttf */; };
		E5B85464261398DE00D83579 /* ShipporiMincho-Regular.ttf in Resources */ = {isa = PBXBuildFile; fileRef = E5B85462261398DE00D83579 /* ShipporiMincho-Regular.ttf */; };
		E5CDF942260A4E8000E17A3F /* GameInfo.swift in Sources */ = {isa = PBXBuildFile; fileRef = E5CDF941260A4E8000E17A3F /* GameInfo.swift */; };
		E5D517E5261796DB0043F3C1 /* StyledText.swift in Sources */ = {isa = PBXBuildFile; fileRef = E5D517E4261796DB0043F3C1 /* StyledText.swift */; };
		E5E7330F260F8B7300805B41 /* EndGame.swift in Sources */ = {isa = PBXBuildFile; fileRef = E5E7330E260F8B7300805B41 /* EndGame.swift */; };
		E5E7C1152610FBAE00B04BEF /* RegisterWinning.swift in Sources */ = {isa = PBXBuildFile; fileRef = E5E7C1142610FBAE00B04BEF /* RegisterWinning.swift */; };
		E5E7D2292609FD9B00DD8694 /* gameData.json in Resources */ = {isa = PBXBuildFile; fileRef = E5E7D2282609FD9B00DD8694 /* gameData.json */; };
		E5E7D22E260A20E600DD8694 /* Player.swift in Sources */ = {isa = PBXBuildFile; fileRef = E5E7D22D260A20E600DD8694 /* Player.swift */; };
/* End PBXBuildFile section */

/* Begin PBXContainerItemProxy section */
		E569DAAE2609E09D00441533 /* PBXContainerItemProxy */ = {
			isa = PBXContainerItemProxy;
			containerPortal = E569DA942609E09C00441533 /* Project object */;
			proxyType = 1;
			remoteGlobalIDString = E569DA9B2609E09C00441533;
			remoteInfo = MajanScoreManager;
		};
		E569DAB92609E09D00441533 /* PBXContainerItemProxy */ = {
			isa = PBXContainerItemProxy;
			containerPortal = E569DA942609E09C00441533 /* Project object */;
			proxyType = 1;
			remoteGlobalIDString = E569DA9B2609E09C00441533;
			remoteInfo = MajanScoreManager;
		};
/* End PBXContainerItemProxy section */

/* Begin PBXFileReference section */
		358A98C32615EA66001D31BD /* Result.swift */ = {isa = PBXFileReference; lastKnownFileType = sourcecode.swift; path = Result.swift; sourceTree = "<group>"; };
		358A98C82615EA72001D31BD /* Results.swift */ = {isa = PBXFileReference; lastKnownFileType = sourcecode.swift; path = Results.swift; sourceTree = "<group>"; };
		358A98CD2615EEC1001D31BD /* toResultButton.swift */ = {isa = PBXFileReference; lastKnownFileType = sourcecode.swift; path = toResultButton.swift; sourceTree = "<group>"; };
		358A98D22615EF11001D31BD /* BackResultButton.swift */ = {isa = PBXFileReference; lastKnownFileType = sourcecode.swift; path = BackResultButton.swift; sourceTree = "<group>"; };
		358A98D72615EF8E001D31BD /* ResultGameData.swift */ = {isa = PBXFileReference; lastKnownFileType = sourcecode.swift; path = ResultGameData.swift; sourceTree = "<group>"; };
		E5030744260F610F00061C47 /* Score.swift */ = {isa = PBXFileReference; lastKnownFileType = sourcecode.swift; path = Score.swift; sourceTree = "<group>"; };
		E5030749260F6C6300061C47 /* parentDrawScores.json */ = {isa = PBXFileReference; fileEncoding = 4; lastKnownFileType = text.json; path = parentDrawScores.json; sourceTree = "<group>"; };
		E503074E260F6CA800061C47 /* parentRonScores.json */ = {isa = PBXFileReference; fileEncoding = 4; lastKnownFileType = text.json; path = parentRonScores.json; sourceTree = "<group>"; };
		E5030756260F70BA00061C47 /* childRonScores.json */ = {isa = PBXFileReference; fileEncoding = 4; lastKnownFileType = text.json; path = childRonScores.json; sourceTree = "<group>"; };
		E503075B260F72B000061C47 /* childDrawScores.json */ = {isa = PBXFileReference; fileEncoding = 4; lastKnownFileType = text.json; path = childDrawScores.json; sourceTree = "<group>"; };
		E5065A71260D0FBF00A3AB65 /* Wind.swift */ = {isa = PBXFileReference; lastKnownFileType = sourcecode.swift; path = Wind.swift; sourceTree = "<group>"; };
		E5065A76260D2F5B00A3AB65 /* Winning.swift */ = {isa = PBXFileReference; lastKnownFileType = sourcecode.swift; path = Winning.swift; sourceTree = "<group>"; };
		E50ED8E2260F74F600E58E19 /* ChildDrawScore.swift */ = {isa = PBXFileReference; lastKnownFileType = sourcecode.swift; path = ChildDrawScore.swift; sourceTree = "<group>"; };
		E527FB6E260A848B0073173A /* DrawnGame.swift */ = {isa = PBXFileReference; lastKnownFileType = sourcecode.swift; path = DrawnGame.swift; sourceTree = "<group>"; };
		E569DA9C2609E09C00441533 /* MajanScoreManager.app */ = {isa = PBXFileReference; explicitFileType = wrapper.application; includeInIndex = 0; path = MajanScoreManager.app; sourceTree = BUILT_PRODUCTS_DIR; };
		E569DA9F2609E09C00441533 /* MajanScoreManagerApp.swift */ = {isa = PBXFileReference; lastKnownFileType = sourcecode.swift; path = MajanScoreManagerApp.swift; sourceTree = "<group>"; };
		E569DAA12609E09C00441533 /* ContentView.swift */ = {isa = PBXFileReference; lastKnownFileType = sourcecode.swift; path = ContentView.swift; sourceTree = "<group>"; };
		E569DAA32609E09D00441533 /* Assets.xcassets */ = {isa = PBXFileReference; lastKnownFileType = folder.assetcatalog; path = Assets.xcassets; sourceTree = "<group>"; };
		E569DAA62609E09D00441533 /* Preview Assets.xcassets */ = {isa = PBXFileReference; lastKnownFileType = folder.assetcatalog; path = "Preview Assets.xcassets"; sourceTree = "<group>"; };
		E569DAA82609E09D00441533 /* Info.plist */ = {isa = PBXFileReference; lastKnownFileType = text.plist.xml; path = Info.plist; sourceTree = "<group>"; };
		E569DAAD2609E09D00441533 /* MajanScoreManagerTests.xctest */ = {isa = PBXFileReference; explicitFileType = wrapper.cfbundle; includeInIndex = 0; path = MajanScoreManagerTests.xctest; sourceTree = BUILT_PRODUCTS_DIR; };
		E569DAB12609E09D00441533 /* MajanScoreManagerTests.swift */ = {isa = PBXFileReference; lastKnownFileType = sourcecode.swift; path = MajanScoreManagerTests.swift; sourceTree = "<group>"; };
		E569DAB32609E09D00441533 /* Info.plist */ = {isa = PBXFileReference; lastKnownFileType = text.plist.xml; path = Info.plist; sourceTree = "<group>"; };
		E569DAB82609E09D00441533 /* MajanScoreManagerUITests.xctest */ = {isa = PBXFileReference; explicitFileType = wrapper.cfbundle; includeInIndex = 0; path = MajanScoreManagerUITests.xctest; sourceTree = BUILT_PRODUCTS_DIR; };
		E569DABC2609E09D00441533 /* MajanScoreManagerUITests.swift */ = {isa = PBXFileReference; lastKnownFileType = sourcecode.swift; path = MajanScoreManagerUITests.swift; sourceTree = "<group>"; };
		E569DABE2609E09D00441533 /* Info.plist */ = {isa = PBXFileReference; lastKnownFileType = text.plist.xml; path = Info.plist; sourceTree = "<group>"; };
		E569DAD22609E87800441533 /* GameData.swift */ = {isa = PBXFileReference; lastKnownFileType = sourcecode.swift; path = GameData.swift; sourceTree = "<group>"; };
		E569DAD72609E90B00441533 /* ModelData.swift */ = {isa = PBXFileReference; lastKnownFileType = sourcecode.swift; path = ModelData.swift; sourceTree = "<group>"; };
		E569DAE72609ECA200441533 /* PlayerScore.swift */ = {isa = PBXFileReference; lastKnownFileType = sourcecode.swift; path = PlayerScore.swift; sourceTree = "<group>"; };
		E56DFF2F260A2E22000312B5 /* StartGame.swift */ = {isa = PBXFileReference; lastKnownFileType = sourcecode.swift; path = StartGame.swift; sourceTree = "<group>"; xcLanguageSpecificationIdentifier = xcode.lang.xcfilelist; };
		E56DFF34260A2FD7000312B5 /* Game.swift */ = {isa = PBXFileReference; lastKnownFileType = sourcecode.swift; path = Game.swift; sourceTree = "<group>"; };
		E58E1E052615EB4F00074934 /* EndRoundButton.swift */ = {isa = PBXFileReference; lastKnownFileType = sourcecode.swift; path = EndRoundButton.swift; sourceTree = "<group>"; };
		E58E1E0A2615EBE800074934 /* EndGameButton.swift */ = {isa = PBXFileReference; lastKnownFileType = sourcecode.swift; path = EndGameButton.swift; sourceTree = "<group>"; };
		E598A53E2609F92A0046F434 /* RiichiBar.swift */ = {isa = PBXFileReference; lastKnownFileType = sourcecode.swift; path = RiichiBar.swift; sourceTree = "<group>"; };
		E59994FC26110F6A00125B75 /* Win.swift */ = {isa = PBXFileReference; lastKnownFileType = sourcecode.swift; path = Win.swift; sourceTree = "<group>"; };
		E5B854512613984500D83579 /* ShipporiMincho-Bold.ttf */ = {isa = PBXFileReference; lastKnownFileType = file; path = "ShipporiMincho-Bold.ttf"; sourceTree = "<group>"; };
		E5B85457261398BF00D83579 /* ShipporiMincho-ExtraBold.ttf */ = {isa = PBXFileReference; lastKnownFileType = file; path = "ShipporiMincho-ExtraBold.ttf"; sourceTree = "<group>"; };
		E5B8545C261398C800D83579 /* ShipporiMincho-Medium.ttf */ = {isa = PBXFileReference; lastKnownFileType = file; path = "ShipporiMincho-Medium.ttf"; sourceTree = "<group>"; };
		E5B85461261398DE00D83579 /* ShipporiMincho-SemiBold.ttf */ = {isa = PBXFileReference; lastKnownFileType = file; path = "ShipporiMincho-SemiBold.ttf"; sourceTree = "<group>"; };
		E5B85462261398DE00D83579 /* ShipporiMincho-Regular.ttf */ = {isa = PBXFileReference; lastKnownFileType = file; path = "ShipporiMincho-Regular.ttf"; sourceTree = "<group>"; };
		E5CDF941260A4E8000E17A3F /* GameInfo.swift */ = {isa = PBXFileReference; lastKnownFileType = sourcecode.swift; path = GameInfo.swift; sourceTree = "<group>"; };
		E5D517E4261796DB0043F3C1 /* StyledText.swift */ = {isa = PBXFileReference; lastKnownFileType = sourcecode.swift; path = StyledText.swift; sourceTree = "<group>"; };
		E5E7330E260F8B7300805B41 /* EndGame.swift */ = {isa = PBXFileReference; lastKnownFileType = sourcecode.swift; path = EndGame.swift; sourceTree = "<group>"; };
		E5E7C1142610FBAE00B04BEF /* RegisterWinning.swift */ = {isa = PBXFileReference; lastKnownFileType = sourcecode.swift; path = RegisterWinning.swift; sourceTree = "<group>"; };
		E5E7D2282609FD9B00DD8694 /* gameData.json */ = {isa = PBXFileReference; fileEncoding = 4; lastKnownFileType = text.json; path = gameData.json; sourceTree = "<group>"; };
		E5E7D22D260A20E600DD8694 /* Player.swift */ = {isa = PBXFileReference; lastKnownFileType = sourcecode.swift; path = Player.swift; sourceTree = "<group>"; };
/* End PBXFileReference section */

/* Begin PBXFrameworksBuildPhase section */
		E569DA992609E09C00441533 /* Frameworks */ = {
			isa = PBXFrameworksBuildPhase;
			buildActionMask = 2147483647;
			files = (
			);
			runOnlyForDeploymentPostprocessing = 0;
		};
		E569DAAA2609E09D00441533 /* Frameworks */ = {
			isa = PBXFrameworksBuildPhase;
			buildActionMask = 2147483647;
			files = (
			);
			runOnlyForDeploymentPostprocessing = 0;
		};
		E569DAB52609E09D00441533 /* Frameworks */ = {
			isa = PBXFrameworksBuildPhase;
			buildActionMask = 2147483647;
			files = (
			);
			runOnlyForDeploymentPostprocessing = 0;
		};
/* End PBXFrameworksBuildPhase section */

/* Begin PBXGroup section */
		358A98FA2616085F001D31BD /* Helpers */ = {
			isa = PBXGroup;
			children = (
				E5CDF941260A4E8000E17A3F /* GameInfo.swift */,
				E569DAE72609ECA200441533 /* PlayerScore.swift */,
				E598A53E2609F92A0046F434 /* RiichiBar.swift */,
				E5065A71260D0FBF00A3AB65 /* Wind.swift */,
				358A98C32615EA66001D31BD /* Result.swift */,
				E58E1E052615EB4F00074934 /* EndRoundButton.swift */,
				E58E1E0A2615EBE800074934 /* EndGameButton.swift */,
				358A98D22615EF11001D31BD /* BackResultButton.swift */,
				358A98CD2615EEC1001D31BD /* toResultButton.swift */,
				E5D517E4261796DB0043F3C1 /* StyledText.swift */,
			);
			path = Helpers;
			sourceTree = "<group>";
		};
		E569DA932609E09C00441533 = {
			isa = PBXGroup;
			children = (
				E569DA9E2609E09C00441533 /* MajanScoreManager */,
				E569DAB02609E09D00441533 /* MajanScoreManagerTests */,
				E569DABB2609E09D00441533 /* MajanScoreManagerUITests */,
				E569DA9D2609E09C00441533 /* Products */,
			);
			sourceTree = "<group>";
		};
		E569DA9D2609E09C00441533 /* Products */ = {
			isa = PBXGroup;
			children = (
				E569DA9C2609E09C00441533 /* MajanScoreManager.app */,
				E569DAAD2609E09D00441533 /* MajanScoreManagerTests.xctest */,
				E569DAB82609E09D00441533 /* MajanScoreManagerUITests.xctest */,
			);
			name = Products;
			sourceTree = "<group>";
		};
		E569DA9E2609E09C00441533 /* MajanScoreManager */ = {
			isa = PBXGroup;
			children = (
				E5B854562613988D00D83579 /* Fonts */,
				E5E7330A260F8AEA00805B41 /* Sources */,
				E569DAE32609EC2F00441533 /* Views */,
				E569DAE12609EC0800441533 /* Model */,
				E569DA9F2609E09C00441533 /* MajanScoreManagerApp.swift */,
				E569DAA32609E09D00441533 /* Assets.xcassets */,
				E569DAA82609E09D00441533 /* Info.plist */,
				E569DAA52609E09D00441533 /* Preview Content */,
			);
			path = MajanScoreManager;
			sourceTree = "<group>";
		};
		E569DAA52609E09D00441533 /* Preview Content */ = {
			isa = PBXGroup;
			children = (
				E569DAA62609E09D00441533 /* Preview Assets.xcassets */,
			);
			path = "Preview Content";
			sourceTree = "<group>";
		};
		E569DAB02609E09D00441533 /* MajanScoreManagerTests */ = {
			isa = PBXGroup;
			children = (
				E569DAB12609E09D00441533 /* MajanScoreManagerTests.swift */,
				E569DAB32609E09D00441533 /* Info.plist */,
			);
			path = MajanScoreManagerTests;
			sourceTree = "<group>";
		};
		E569DABB2609E09D00441533 /* MajanScoreManagerUITests */ = {
			isa = PBXGroup;
			children = (
				E569DABC2609E09D00441533 /* MajanScoreManagerUITests.swift */,
				E569DABE2609E09D00441533 /* Info.plist */,
			);
			path = MajanScoreManagerUITests;
			sourceTree = "<group>";
		};
		E569DAE12609EC0800441533 /* Model */ = {
			isa = PBXGroup;
			children = (
				E569DAD22609E87800441533 /* GameData.swift */,
				358A98D72615EF8E001D31BD /* ResultGameData.swift */,
				E569DAD72609E90B00441533 /* ModelData.swift */,
				E5E7D22D260A20E600DD8694 /* Player.swift */,
				E5030744260F610F00061C47 /* Score.swift */,
				E50ED8E2260F74F600E58E19 /* ChildDrawScore.swift */,
				E59994FC26110F6A00125B75 /* Win.swift */,
			);
			path = Model;
			sourceTree = "<group>";
		};
		E569DAE32609EC2F00441533 /* Views */ = {
			isa = PBXGroup;
			children = (
				E569DAA12609E09C00441533 /* ContentView.swift */,
				E56DFF2F260A2E22000312B5 /* StartGame.swift */,
				E56DFF34260A2FD7000312B5 /* Game.swift */,
				358A98C82615EA72001D31BD /* Results.swift */,
				E527FB6E260A848B0073173A /* DrawnGame.swift */,
				E5065A76260D2F5B00A3AB65 /* Winning.swift */,
				E5E7330E260F8B7300805B41 /* EndGame.swift */,
				E5E7C1142610FBAE00B04BEF /* RegisterWinning.swift */,
				358A98FA2616085F001D31BD /* Helpers */,
			);
			path = Views;
			sourceTree = "<group>";
		};
		E5B854562613988D00D83579 /* Fonts */ = {
			isa = PBXGroup;
			children = (
				E5B854512613984500D83579 /* ShipporiMincho-Bold.ttf */,
				E5B8545C261398C800D83579 /* ShipporiMincho-Medium.ttf */,
				E5B85462261398DE00D83579 /* ShipporiMincho-Regular.ttf */,
				E5B85461261398DE00D83579 /* ShipporiMincho-SemiBold.ttf */,
				E5B85457261398BF00D83579 /* ShipporiMincho-ExtraBold.ttf */,
			);
			path = Fonts;
			sourceTree = "<group>";
		};
		E5E7330A260F8AEA00805B41 /* Sources */ = {
			isa = PBXGroup;
			children = (
				E5030756260F70BA00061C47 /* childRonScores.json */,
				E503074E260F6CA800061C47 /* parentRonScores.json */,
				E503075B260F72B000061C47 /* childDrawScores.json */,
				E5E7D2282609FD9B00DD8694 /* gameData.json */,
				E5030749260F6C6300061C47 /* parentDrawScores.json */,
			);
			path = Sources;
			sourceTree = "<group>";
		};
/* End PBXGroup section */

/* Begin PBXNativeTarget section */
		E569DA9B2609E09C00441533 /* MajanScoreManager */ = {
			isa = PBXNativeTarget;
			buildConfigurationList = E569DAC12609E09D00441533 /* Build configuration list for PBXNativeTarget "MajanScoreManager" */;
			buildPhases = (
				E569DA982609E09C00441533 /* Sources */,
				E569DA992609E09C00441533 /* Frameworks */,
				E569DA9A2609E09C00441533 /* Resources */,
			);
			buildRules = (
			);
			dependencies = (
			);
			name = MajanScoreManager;
			productName = MajanScoreManager;
			productReference = E569DA9C2609E09C00441533 /* MajanScoreManager.app */;
			productType = "com.apple.product-type.application";
		};
		E569DAAC2609E09D00441533 /* MajanScoreManagerTests */ = {
			isa = PBXNativeTarget;
			buildConfigurationList = E569DAC42609E09D00441533 /* Build configuration list for PBXNativeTarget "MajanScoreManagerTests" */;
			buildPhases = (
				E569DAA92609E09D00441533 /* Sources */,
				E569DAAA2609E09D00441533 /* Frameworks */,
				E569DAAB2609E09D00441533 /* Resources */,
			);
			buildRules = (
			);
			dependencies = (
				E569DAAF2609E09D00441533 /* PBXTargetDependency */,
			);
			name = MajanScoreManagerTests;
			productName = MajanScoreManagerTests;
			productReference = E569DAAD2609E09D00441533 /* MajanScoreManagerTests.xctest */;
			productType = "com.apple.product-type.bundle.unit-test";
		};
		E569DAB72609E09D00441533 /* MajanScoreManagerUITests */ = {
			isa = PBXNativeTarget;
			buildConfigurationList = E569DAC72609E09D00441533 /* Build configuration list for PBXNativeTarget "MajanScoreManagerUITests" */;
			buildPhases = (
				E569DAB42609E09D00441533 /* Sources */,
				E569DAB52609E09D00441533 /* Frameworks */,
				E569DAB62609E09D00441533 /* Resources */,
			);
			buildRules = (
			);
			dependencies = (
				E569DABA2609E09D00441533 /* PBXTargetDependency */,
			);
			name = MajanScoreManagerUITests;
			productName = MajanScoreManagerUITests;
			productReference = E569DAB82609E09D00441533 /* MajanScoreManagerUITests.xctest */;
			productType = "com.apple.product-type.bundle.ui-testing";
		};
/* End PBXNativeTarget section */

/* Begin PBXProject section */
		E569DA942609E09C00441533 /* Project object */ = {
			isa = PBXProject;
			attributes = {
				LastSwiftUpdateCheck = 1240;
				LastUpgradeCheck = 1240;
				TargetAttributes = {
					E569DA9B2609E09C00441533 = {
						CreatedOnToolsVersion = 12.4;
					};
					E569DAAC2609E09D00441533 = {
						CreatedOnToolsVersion = 12.4;
						TestTargetID = E569DA9B2609E09C00441533;
					};
					E569DAB72609E09D00441533 = {
						CreatedOnToolsVersion = 12.4;
						TestTargetID = E569DA9B2609E09C00441533;
					};
				};
			};
			buildConfigurationList = E569DA972609E09C00441533 /* Build configuration list for PBXProject "MajanScoreManager" */;
			compatibilityVersion = "Xcode 9.3";
			developmentRegion = en;
			hasScannedForEncodings = 0;
			knownRegions = (
				en,
				Base,
			);
			mainGroup = E569DA932609E09C00441533;
			productRefGroup = E569DA9D2609E09C00441533 /* Products */;
			projectDirPath = "";
			projectRoot = "";
			targets = (
				E569DA9B2609E09C00441533 /* MajanScoreManager */,
				E569DAAC2609E09D00441533 /* MajanScoreManagerTests */,
				E569DAB72609E09D00441533 /* MajanScoreManagerUITests */,
			);
		};
/* End PBXProject section */

/* Begin PBXResourcesBuildPhase section */
		E569DA9A2609E09C00441533 /* Resources */ = {
			isa = PBXResourcesBuildPhase;
			buildActionMask = 2147483647;
			files = (
				E5E7D2292609FD9B00DD8694 /* gameData.json in Resources */,
				E569DAA72609E09D00441533 /* Preview Assets.xcassets in Resources */,
				E503074A260F6C6300061C47 /* parentDrawScores.json in Resources */,
				E5B85463261398DE00D83579 /* ShipporiMincho-SemiBold.ttf in Resources */,
				E5030757260F70BA00061C47 /* childRonScores.json in Resources */,
				E5B85464261398DE00D83579 /* ShipporiMincho-Regular.ttf in Resources */,
				E5B85458261398BF00D83579 /* ShipporiMincho-ExtraBold.ttf in Resources */,
				E5B8545D261398C800D83579 /* ShipporiMincho-Medium.ttf in Resources */,
				E503074F260F6CA800061C47 /* parentRonScores.json in Resources */,
				E5B854522613984500D83579 /* ShipporiMincho-Bold.ttf in Resources */,
				E503075C260F72B000061C47 /* childDrawScores.json in Resources */,
				E569DAA42609E09D00441533 /* Assets.xcassets in Resources */,
			);
			runOnlyForDeploymentPostprocessing = 0;
		};
		E569DAAB2609E09D00441533 /* Resources */ = {
			isa = PBXResourcesBuildPhase;
			buildActionMask = 2147483647;
			files = (
			);
			runOnlyForDeploymentPostprocessing = 0;
		};
		E569DAB62609E09D00441533 /* Resources */ = {
			isa = PBXResourcesBuildPhase;
			buildActionMask = 2147483647;
			files = (
			);
			runOnlyForDeploymentPostprocessing = 0;
		};
/* End PBXResourcesBuildPhase section */

/* Begin PBXSourcesBuildPhase section */
		E569DA982609E09C00441533 /* Sources */ = {
			isa = PBXSourcesBuildPhase;
			buildActionMask = 2147483647;
			files = (
				E569DAA22609E09C00441533 /* ContentView.swift in Sources */,
				E56DFF35260A2FD7000312B5 /* Game.swift in Sources */,
				E59994FD26110F6A00125B75 /* Win.swift in Sources */,
				358A98C92615EA73001D31BD /* Results.swift in Sources */,
				E598A53F2609F92A0046F434 /* RiichiBar.swift in Sources */,
				E569DAE82609ECA200441533 /* PlayerScore.swift in Sources */,
				E5030745260F610F00061C47 /* Score.swift in Sources */,
				358A98C42615EA67001D31BD /* Result.swift in Sources */,
				E5E7C1152610FBAE00B04BEF /* RegisterWinning.swift in Sources */,
				E527FB6F260A848B0073173A /* DrawnGame.swift in Sources */,
				358A98D82615EF8E001D31BD /* ResultGameData.swift in Sources */,
				E569DAD32609E87800441533 /* GameData.swift in Sources */,
				E58E1E062615EB4F00074934 /* EndRoundButton.swift in Sources */,
				E5E7D22E260A20E600DD8694 /* Player.swift in Sources */,
				E58E1E0B2615EBE800074934 /* EndGameButton.swift in Sources */,
				E569DAD82609E90B00441533 /* ModelData.swift in Sources */,
				E5CDF942260A4E8000E17A3F /* GameInfo.swift in Sources */,
				E5D517E5261796DB0043F3C1 /* StyledText.swift in Sources */,
				E5E7330F260F8B7300805B41 /* EndGame.swift in Sources */,
				E56DFF30260A2E22000312B5 /* StartGame.swift in Sources */,
				358A98CE2615EEC3001D31BD /* toResultButton.swift in Sources */,
				358A98D32615EF12001D31BD /* BackResultButton.swift in Sources */,
				E569DAA02609E09C00441533 /* MajanScoreManagerApp.swift in Sources */,
				E50ED8E3260F74F600E58E19 /* ChildDrawScore.swift in Sources */,
				E5065A77260D2F5B00A3AB65 /* Winning.swift in Sources */,
				E5065A72260D0FBF00A3AB65 /* Wind.swift in Sources */,
			);
			runOnlyForDeploymentPostprocessing = 0;
		};
		E569DAA92609E09D00441533 /* Sources */ = {
			isa = PBXSourcesBuildPhase;
			buildActionMask = 2147483647;
			files = (
				E569DAB22609E09D00441533 /* MajanScoreManagerTests.swift in Sources */,
			);
			runOnlyForDeploymentPostprocessing = 0;
		};
		E569DAB42609E09D00441533 /* Sources */ = {
			isa = PBXSourcesBuildPhase;
			buildActionMask = 2147483647;
			files = (
				E569DABD2609E09D00441533 /* MajanScoreManagerUITests.swift in Sources */,
			);
			runOnlyForDeploymentPostprocessing = 0;
		};
/* End PBXSourcesBuildPhase section */

/* Begin PBXTargetDependency section */
		E569DAAF2609E09D00441533 /* PBXTargetDependency */ = {
			isa = PBXTargetDependency;
			target = E569DA9B2609E09C00441533 /* MajanScoreManager */;
			targetProxy = E569DAAE2609E09D00441533 /* PBXContainerItemProxy */;
		};
		E569DABA2609E09D00441533 /* PBXTargetDependency */ = {
			isa = PBXTargetDependency;
			target = E569DA9B2609E09C00441533 /* MajanScoreManager */;
			targetProxy = E569DAB92609E09D00441533 /* PBXContainerItemProxy */;
		};
/* End PBXTargetDependency section */

/* Begin XCBuildConfiguration section */
		E569DABF2609E09D00441533 /* Debug */ = {
			isa = XCBuildConfiguration;
			buildSettings = {
				ALWAYS_SEARCH_USER_PATHS = NO;
				CLANG_ANALYZER_NONNULL = YES;
				CLANG_ANALYZER_NUMBER_OBJECT_CONVERSION = YES_AGGRESSIVE;
				CLANG_CXX_LANGUAGE_STANDARD = "gnu++14";
				CLANG_CXX_LIBRARY = "libc++";
				CLANG_ENABLE_MODULES = YES;
				CLANG_ENABLE_OBJC_ARC = YES;
				CLANG_ENABLE_OBJC_WEAK = YES;
				CLANG_WARN_BLOCK_CAPTURE_AUTORELEASING = YES;
				CLANG_WARN_BOOL_CONVERSION = YES;
				CLANG_WARN_COMMA = YES;
				CLANG_WARN_CONSTANT_CONVERSION = YES;
				CLANG_WARN_DEPRECATED_OBJC_IMPLEMENTATIONS = YES;
				CLANG_WARN_DIRECT_OBJC_ISA_USAGE = YES_ERROR;
				CLANG_WARN_DOCUMENTATION_COMMENTS = YES;
				CLANG_WARN_EMPTY_BODY = YES;
				CLANG_WARN_ENUM_CONVERSION = YES;
				CLANG_WARN_INFINITE_RECURSION = YES;
				CLANG_WARN_INT_CONVERSION = YES;
				CLANG_WARN_NON_LITERAL_NULL_CONVERSION = YES;
				CLANG_WARN_OBJC_IMPLICIT_RETAIN_SELF = YES;
				CLANG_WARN_OBJC_LITERAL_CONVERSION = YES;
				CLANG_WARN_OBJC_ROOT_CLASS = YES_ERROR;
				CLANG_WARN_QUOTED_INCLUDE_IN_FRAMEWORK_HEADER = YES;
				CLANG_WARN_RANGE_LOOP_ANALYSIS = YES;
				CLANG_WARN_STRICT_PROTOTYPES = YES;
				CLANG_WARN_SUSPICIOUS_MOVE = YES;
				CLANG_WARN_UNGUARDED_AVAILABILITY = YES_AGGRESSIVE;
				CLANG_WARN_UNREACHABLE_CODE = YES;
				CLANG_WARN__DUPLICATE_METHOD_MATCH = YES;
				COPY_PHASE_STRIP = NO;
				DEBUG_INFORMATION_FORMAT = dwarf;
				ENABLE_STRICT_OBJC_MSGSEND = YES;
				ENABLE_TESTABILITY = YES;
				GCC_C_LANGUAGE_STANDARD = gnu11;
				GCC_DYNAMIC_NO_PIC = NO;
				GCC_NO_COMMON_BLOCKS = YES;
				GCC_OPTIMIZATION_LEVEL = 0;
				GCC_PREPROCESSOR_DEFINITIONS = (
					"DEBUG=1",
					"$(inherited)",
				);
				GCC_WARN_64_TO_32_BIT_CONVERSION = YES;
				GCC_WARN_ABOUT_RETURN_TYPE = YES_ERROR;
				GCC_WARN_UNDECLARED_SELECTOR = YES;
				GCC_WARN_UNINITIALIZED_AUTOS = YES_AGGRESSIVE;
				GCC_WARN_UNUSED_FUNCTION = YES;
				GCC_WARN_UNUSED_VARIABLE = YES;
				IPHONEOS_DEPLOYMENT_TARGET = 14.4;
				MTL_ENABLE_DEBUG_INFO = INCLUDE_SOURCE;
				MTL_FAST_MATH = YES;
				ONLY_ACTIVE_ARCH = YES;
				SDKROOT = iphoneos;
				SWIFT_ACTIVE_COMPILATION_CONDITIONS = DEBUG;
				SWIFT_OPTIMIZATION_LEVEL = "-Onone";
			};
			name = Debug;
		};
		E569DAC02609E09D00441533 /* Release */ = {
			isa = XCBuildConfiguration;
			buildSettings = {
				ALWAYS_SEARCH_USER_PATHS = NO;
				CLANG_ANALYZER_NONNULL = YES;
				CLANG_ANALYZER_NUMBER_OBJECT_CONVERSION = YES_AGGRESSIVE;
				CLANG_CXX_LANGUAGE_STANDARD = "gnu++14";
				CLANG_CXX_LIBRARY = "libc++";
				CLANG_ENABLE_MODULES = YES;
				CLANG_ENABLE_OBJC_ARC = YES;
				CLANG_ENABLE_OBJC_WEAK = YES;
				CLANG_WARN_BLOCK_CAPTURE_AUTORELEASING = YES;
				CLANG_WARN_BOOL_CONVERSION = YES;
				CLANG_WARN_COMMA = YES;
				CLANG_WARN_CONSTANT_CONVERSION = YES;
				CLANG_WARN_DEPRECATED_OBJC_IMPLEMENTATIONS = YES;
				CLANG_WARN_DIRECT_OBJC_ISA_USAGE = YES_ERROR;
				CLANG_WARN_DOCUMENTATION_COMMENTS = YES;
				CLANG_WARN_EMPTY_BODY = YES;
				CLANG_WARN_ENUM_CONVERSION = YES;
				CLANG_WARN_INFINITE_RECURSION = YES;
				CLANG_WARN_INT_CONVERSION = YES;
				CLANG_WARN_NON_LITERAL_NULL_CONVERSION = YES;
				CLANG_WARN_OBJC_IMPLICIT_RETAIN_SELF = YES;
				CLANG_WARN_OBJC_LITERAL_CONVERSION = YES;
				CLANG_WARN_OBJC_ROOT_CLASS = YES_ERROR;
				CLANG_WARN_QUOTED_INCLUDE_IN_FRAMEWORK_HEADER = YES;
				CLANG_WARN_RANGE_LOOP_ANALYSIS = YES;
				CLANG_WARN_STRICT_PROTOTYPES = YES;
				CLANG_WARN_SUSPICIOUS_MOVE = YES;
				CLANG_WARN_UNGUARDED_AVAILABILITY = YES_AGGRESSIVE;
				CLANG_WARN_UNREACHABLE_CODE = YES;
				CLANG_WARN__DUPLICATE_METHOD_MATCH = YES;
				COPY_PHASE_STRIP = NO;
				DEBUG_INFORMATION_FORMAT = "dwarf-with-dsym";
				ENABLE_NS_ASSERTIONS = NO;
				ENABLE_STRICT_OBJC_MSGSEND = YES;
				GCC_C_LANGUAGE_STANDARD = gnu11;
				GCC_NO_COMMON_BLOCKS = YES;
				GCC_WARN_64_TO_32_BIT_CONVERSION = YES;
				GCC_WARN_ABOUT_RETURN_TYPE = YES_ERROR;
				GCC_WARN_UNDECLARED_SELECTOR = YES;
				GCC_WARN_UNINITIALIZED_AUTOS = YES_AGGRESSIVE;
				GCC_WARN_UNUSED_FUNCTION = YES;
				GCC_WARN_UNUSED_VARIABLE = YES;
				IPHONEOS_DEPLOYMENT_TARGET = 14.4;
				MTL_ENABLE_DEBUG_INFO = NO;
				MTL_FAST_MATH = YES;
				SDKROOT = iphoneos;
				SWIFT_COMPILATION_MODE = wholemodule;
				SWIFT_OPTIMIZATION_LEVEL = "-O";
				VALIDATE_PRODUCT = YES;
			};
			name = Release;
		};
		E569DAC22609E09D00441533 /* Debug */ = {
			isa = XCBuildConfiguration;
			buildSettings = {
				ASSETCATALOG_COMPILER_APPICON_NAME = AppIcon;
				ASSETCATALOG_COMPILER_GLOBAL_ACCENT_COLOR_NAME = AccentColor;
				CODE_SIGN_STYLE = Automatic;
				DEVELOPMENT_ASSET_PATHS = "\"MajanScoreManager/Preview Content\"";
				DEVELOPMENT_TEAM = AKQMM94SB8;
				ENABLE_PREVIEWS = YES;
				INFOPLIST_FILE = MajanScoreManager/Info.plist;
				IPHONEOS_DEPLOYMENT_TARGET = 14.0;
				LD_RUNPATH_SEARCH_PATHS = (
					"$(inherited)",
					"@executable_path/Frameworks",
				);
				PRODUCT_BUNDLE_IDENTIFIER = com.example.MajanScoreManager;
				PRODUCT_NAME = "$(TARGET_NAME)";
				SWIFT_VERSION = 5.0;
				TARGETED_DEVICE_FAMILY = "1,2";
			};
			name = Debug;
		};
		E569DAC32609E09D00441533 /* Release */ = {
			isa = XCBuildConfiguration;
			buildSettings = {
				ASSETCATALOG_COMPILER_APPICON_NAME = AppIcon;
				ASSETCATALOG_COMPILER_GLOBAL_ACCENT_COLOR_NAME = AccentColor;
				CODE_SIGN_STYLE = Automatic;
				DEVELOPMENT_ASSET_PATHS = "\"MajanScoreManager/Preview Content\"";
				DEVELOPMENT_TEAM = AKQMM94SB8;
				ENABLE_PREVIEWS = YES;
				INFOPLIST_FILE = MajanScoreManager/Info.plist;
				IPHONEOS_DEPLOYMENT_TARGET = 14.0;
				LD_RUNPATH_SEARCH_PATHS = (
					"$(inherited)",
					"@executable_path/Frameworks",
				);
				PRODUCT_BUNDLE_IDENTIFIER = com.example.MajanScoreManager;
				PRODUCT_NAME = "$(TARGET_NAME)";
				SWIFT_VERSION = 5.0;
				TARGETED_DEVICE_FAMILY = "1,2";
			};
			name = Release;
		};
		E569DAC52609E09D00441533 /* Debug */ = {
			isa = XCBuildConfiguration;
			buildSettings = {
				ALWAYS_EMBED_SWIFT_STANDARD_LIBRARIES = YES;
				BUNDLE_LOADER = "$(TEST_HOST)";
				CODE_SIGN_STYLE = Automatic;
				INFOPLIST_FILE = MajanScoreManagerTests/Info.plist;
				IPHONEOS_DEPLOYMENT_TARGET = 14.0;
				LD_RUNPATH_SEARCH_PATHS = (
					"$(inherited)",
					"@executable_path/Frameworks",
					"@loader_path/Frameworks",
				);
				PRODUCT_BUNDLE_IDENTIFIER = com.example.MajanScoreManagerTests;
				PRODUCT_NAME = "$(TARGET_NAME)";
				SWIFT_VERSION = 5.0;
				TARGETED_DEVICE_FAMILY = "1,2";
				TEST_HOST = "$(BUILT_PRODUCTS_DIR)/MajanScoreManager.app/MajanScoreManager";
			};
			name = Debug;
		};
		E569DAC62609E09D00441533 /* Release */ = {
			isa = XCBuildConfiguration;
			buildSettings = {
				ALWAYS_EMBED_SWIFT_STANDARD_LIBRARIES = YES;
				BUNDLE_LOADER = "$(TEST_HOST)";
				CODE_SIGN_STYLE = Automatic;
				INFOPLIST_FILE = MajanScoreManagerTests/Info.plist;
				IPHONEOS_DEPLOYMENT_TARGET = 14.0;
				LD_RUNPATH_SEARCH_PATHS = (
					"$(inherited)",
					"@executable_path/Frameworks",
					"@loader_path/Frameworks",
				);
				PRODUCT_BUNDLE_IDENTIFIER = com.example.MajanScoreManagerTests;
				PRODUCT_NAME = "$(TARGET_NAME)";
				SWIFT_VERSION = 5.0;
				TARGETED_DEVICE_FAMILY = "1,2";
				TEST_HOST = "$(BUILT_PRODUCTS_DIR)/MajanScoreManager.app/MajanScoreManager";
			};
			name = Release;
		};
		E569DAC82609E09D00441533 /* Debug */ = {
			isa = XCBuildConfiguration;
			buildSettings = {
				ALWAYS_EMBED_SWIFT_STANDARD_LIBRARIES = YES;
				CODE_SIGN_STYLE = Automatic;
				INFOPLIST_FILE = MajanScoreManagerUITests/Info.plist;
				LD_RUNPATH_SEARCH_PATHS = (
					"$(inherited)",
					"@executable_path/Frameworks",
					"@loader_path/Frameworks",
				);
				PRODUCT_BUNDLE_IDENTIFIER = com.example.MajanScoreManagerUITests;
				PRODUCT_NAME = "$(TARGET_NAME)";
				SWIFT_VERSION = 5.0;
				TARGETED_DEVICE_FAMILY = "1,2";
				TEST_TARGET_NAME = MajanScoreManager;
			};
			name = Debug;
		};
		E569DAC92609E09D00441533 /* Release */ = {
			isa = XCBuildConfiguration;
			buildSettings = {
				ALWAYS_EMBED_SWIFT_STANDARD_LIBRARIES = YES;
				CODE_SIGN_STYLE = Automatic;
				INFOPLIST_FILE = MajanScoreManagerUITests/Info.plist;
				LD_RUNPATH_SEARCH_PATHS = (
					"$(inherited)",
					"@executable_path/Frameworks",
					"@loader_path/Frameworks",
				);
				PRODUCT_BUNDLE_IDENTIFIER = com.example.MajanScoreManagerUITests;
				PRODUCT_NAME = "$(TARGET_NAME)";
				SWIFT_VERSION = 5.0;
				TARGETED_DEVICE_FAMILY = "1,2";
				TEST_TARGET_NAME = MajanScoreManager;
			};
			name = Release;
		};
/* End XCBuildConfiguration section */

/* Begin XCConfigurationList section */
		E569DA972609E09C00441533 /* Build configuration list for PBXProject "MajanScoreManager" */ = {
			isa = XCConfigurationList;
			buildConfigurations = (
				E569DABF2609E09D00441533 /* Debug */,
				E569DAC02609E09D00441533 /* Release */,
			);
			defaultConfigurationIsVisible = 0;
			defaultConfigurationName = Release;
		};
		E569DAC12609E09D00441533 /* Build configuration list for PBXNativeTarget "MajanScoreManager" */ = {
			isa = XCConfigurationList;
			buildConfigurations = (
				E569DAC22609E09D00441533 /* Debug */,
				E569DAC32609E09D00441533 /* Release */,
			);
			defaultConfigurationIsVisible = 0;
			defaultConfigurationName = Release;
		};
		E569DAC42609E09D00441533 /* Build configuration list for PBXNativeTarget "MajanScoreManagerTests" */ = {
			isa = XCConfigurationList;
			buildConfigurations = (
				E569DAC52609E09D00441533 /* Debug */,
				E569DAC62609E09D00441533 /* Release */,
			);
			defaultConfigurationIsVisible = 0;
			defaultConfigurationName = Release;
		};
		E569DAC72609E09D00441533 /* Build configuration list for PBXNativeTarget "MajanScoreManagerUITests" */ = {
			isa = XCConfigurationList;
			buildConfigurations = (
				E569DAC82609E09D00441533 /* Debug */,
				E569DAC92609E09D00441533 /* Release */,
			);
			defaultConfigurationIsVisible = 0;
			defaultConfigurationName = Release;
		};
/* End XCConfigurationList section */
	};
	rootObject = E569DA942609E09C00441533 /* Project object */;
}
